
Microsoft Visual Studio Solution File, Format Version 12.00
# Visual Studio Version 17
VisualStudioVersion = 17.4.33213.308
MinimumVisualStudioVersion = 10.0.40219.1
Project("{FAE04EC0-301F-11D3-BF4B-00C04F79EFBC}") = "Turing_Machine2", "Turing_Machine2\Turing_Machine2.csproj", "{9F19035A-DE40-4D28-9198-542952C6F49D}"
EndProject
Global
	GlobalSection(SolutionConfigurationPlatforms) = preSolution
		Debug|Any CPU = Debug|Any CPU
		Release|Any CPU = Release|Any CPU
	EndGlobalSection
	GlobalSection(ProjectConfigurationPlatforms) = postSolution
		{9F19035A-DE40-4D28-9198-542952C6F49D}.Debug|Any CPU.ActiveCfg = Debug|Any CPU
		{9F19035A-DE40-4D28-9198-542952C6F49D}.Debug|Any CPU.Build.0 = Debug|Any CPU
		{9F19035A-DE40-4D28-9198-542952C6F49D}.Release|Any CPU.ActiveCfg = Release|Any CPU
		{9F19035A-DE40-4D28-9198-542952C6F49D}.Release|Any CPU.Build.0 = Release|Any CPU
	EndGlobalSection
	GlobalSection(SolutionProperties) = preSolution
		HideSolutionNode = FALSE
	EndGlobalSection
	GlobalSection(ExtensibilityGlobals) = postSolution
		SolutionGuid = {D7F7DD54-86B9-46BC-8DD3-C1378F890049}
	EndGlobalSection
EndGlobal
